
Microsoft Visual Studio Solution File, Format Version 12.00
# Visual Studio 15
VisualStudioVersion = 15.0.28010.2016
MinimumVisualStudioVersion = 10.0.40219.1
Project("{FAE04EC0-301F-11D3-BF4B-00C04F79EFBC}") = "Programacion-i-jonathan-rondon-2017-30-3-0019-p1", "Programacion-i-jonathan-rondon-2017-30-3-0019-p1\Programacion-i-jonathan-rondon-2017-30-3-0019-p1.csproj", "{6DF1CE65-6B29-44F6-BAE7-BFC7FE0389D2}"
EndProject
Global
	GlobalSection(SolutionConfigurationPlatforms) = preSolution
		Debug|Any CPU = Debug|Any CPU
		Release|Any CPU = Release|Any CPU
	EndGlobalSection
	GlobalSection(ProjectConfigurationPlatforms) = postSolution
		{6DF1CE65-6B29-44F6-BAE7-BFC7FE0389D2}.Debug|Any CPU.ActiveCfg = Debug|Any CPU
		{6DF1CE65-6B29-44F6-BAE7-BFC7FE0389D2}.Debug|Any CPU.Build.0 = Debug|Any CPU
		{6DF1CE65-6B29-44F6-BAE7-BFC7FE0389D2}.Release|Any CPU.ActiveCfg = Release|Any CPU
		{6DF1CE65-6B29-44F6-BAE7-BFC7FE0389D2}.Release|Any CPU.Build.0 = Release|Any CPU
	EndGlobalSection
	GlobalSection(SolutionProperties) = preSolution
		HideSolutionNode = FALSE
	EndGlobalSection
	GlobalSection(ExtensibilityGlobals) = postSolution
		SolutionGuid = {2624EC70-61D2-48D0-925B-43DAE25C43B1}
	EndGlobalSection
EndGlobal
